altgraph==0.17
appdirs==1.4.4
attrs==19.3.0
black==19.10b0
bottle==0.12.18
bottle-websocket==0.2.9
click==7.1.2
Eel==0.12.4
flake8==3.8.2
future==0.18.2
gevent==20.5.2
gevent-websocket==0.10.1
greenlet==0.4.15
macholib==1.14
mccabe==0.6.1
pathspec==0.8.0
Pillow==7.1.2
pycodestyle==2.6.0
pyflakes==2.2.0
PyInstaller==3.6
regex==2020.5.14
toml==0.10.1
typed-ast==1.4.1
whichcraft==0.6.1
zope.event==4.4
zope.interface==5.1.0
